// !$*UTF8*$!
{
	archiveVersion = 1;
	classes = {
	};
	objectVersion = 50;
	objects = {

/* Begin PBXBuildFile section */
		AA73C3B921717B0900EBFB28 /* AppDelegate.swift in Sources */ = {isa = PBXBuildFile; fileRef = AA73C3B821717B0900EBFB28 /* AppDelegate.swift */; };
		AA73C3BB21717B0900EBFB28 /* ViewController.swift in Sources */ = {isa = PBXBuildFile; fileRef = AA73C3BA21717B0900EBFB28 /* ViewController.swift */; };
		AA73C3BE21717B0900EBFB28 /* Main.storyboard in Resources */ = {isa = PBXBuildFile; fileRef = AA73C3BC21717B0900EBFB28 /* Main.storyboard */; };
		AA73C3C021717B0A00EBFB28 /* Assets.xcassets in Resources */ = {isa = PBXBuildFile; fileRef = AA73C3BF21717B0A00EBFB28 /* Assets.xcassets */; };
		AA73C3C321717B0A00EBFB28 /* LaunchScreen.storyboard in Resources */ = {isa = PBXBuildFile; fileRef = AA73C3C121717B0A00EBFB28 /* LaunchScreen.storyboard */; };
		AA73C3CE21717B0A00EBFB28 /* test5Tests.swift in Sources */ = {isa = PBXBuildFile; fileRef = AA73C3CD21717B0A00EBFB28 /* test5Tests.swift */; };
		AA73C3D921717B0A00EBFB28 /* test5UITests.swift in Sources */ = {isa = PBXBuildFile; fileRef = AA73C3D821717B0A00EBFB28 /* test5UITests.swift */; };
/* End PBXBuildFile section */

/* Begin PBXContainerItemProxy section */
		AA73C3CA21717B0A00EBFB28 /* PBXContainerItemProxy */ = {
			isa = PBXContainerItemProxy;
			containerPortal = AA73C3AD21717B0900EBFB28 /* Project object */;
			proxyType = 1;
			remoteGlobalIDString = AA73C3B421717B0900EBFB28;
			remoteInfo = test5;
		};
		AA73C3D521717B0A00EBFB28 /* PBXContainerItemProxy */ = {
			isa = PBXContainerItemProxy;
			containerPortal = AA73C3AD21717B0900EBFB28 /* Project object */;
			proxyType = 1;
			remoteGlobalIDString = AA73C3B421717B0900EBFB28;
			remoteInfo = test5;
		};
/* End PBXContainerItemProxy section */

/* Begin PBXFileReference section */
		AA73C3B521717B0900EBFB28 /* test5.app */ = {isa = PBXFileReference; explicitFileType = wrapper.application; includeInIndex = 0; path = test5.app; sourceTree = BUILT_PRODUCTS_DIR; };
		AA73C3B821717B0900EBFB28 /* AppDelegate.swift */ = {isa = PBXFileReference; lastKnownFileType = sourcecode.swift; path = AppDelegate.swift; sourceTree = "<group>"; };
		AA73C3BA21717B0900EBFB28 /* ViewController.swift */ = {isa = PBXFileReference; lastKnownFileType = sourcecode.swift; path = ViewController.swift; sourceTree = "<group>"; };
		AA73C3BD21717B0900EBFB28 /* Base */ = {isa = PBXFileReference; lastKnownFileType = file.storyboard; name = Base; path = Base.lproj/Main.storyboard; sourceTree = "<group>"; };
		AA73C3BF21717B0A00EBFB28 /* Assets.xcassets */ = {isa = PBXFileReference; lastKnownFileType = folder.assetcatalog; path = Assets.xcassets; sourceTree = "<group>"; };
		AA73C3C221717B0A00EBFB28 /* Base */ = {isa = PBXFileReference; lastKnownFileType = file.storyboard; name = Base; path = Base.lproj/LaunchScreen.storyboard; sourceTree = "<group>"; };
		AA73C3C421717B0A00EBFB28 /* Info.plist */ = {isa = PBXFileReference; lastKnownFileType = text.plist.xml; path = Info.plist; sourceTree = "<group>"; };
		AA73C3C921717B0A00EBFB28 /* test5Tests.xctest */ = {isa = PBXFileReference; explicitFileType = wrapper.cfbundle; includeInIndex = 0; path = test5Tests.xctest; sourceTree = BUILT_PRODUCTS_DIR; };
		AA73C3CD21717B0A00EBFB28 /* test5Tests.swift */ = {isa = PBXFileReference; lastKnownFileType = sourcecode.swift; path = test5Tests.swift; sourceTree = "<group>"; };
		AA73C3CF21717B0A00EBFB28 /* Info.plist */ = {isa = PBXFileReference; lastKnownFileType = text.plist.xml; path = Info.plist; sourceTree = "<group>"; };
		AA73C3D421717B0A00EBFB28 /* test5UITests.xctest */ = {isa = PBXFileReference; explicitFileType = wrapper.cfbundle; includeInIndex = 0; path = test5UITests.xctest; sourceTree = BUILT_PRODUCTS_DIR; };
		AA73C3D821717B0A00EBFB28 /* test5UITests.swift */ = {isa = PBXFileReference; lastKnownFileType = sourcecode.swift; path = test5UITests.swift; sourceTree = "<group>"; };
		AA73C3DA21717B0A00EBFB28 /* Info.plist */ = {isa = PBXFileReference; lastKnownFileType = text.plist.xml; path = Info.plist; sourceTree = "<group>"; };
/* End PBXFileReference section */

/* Begin PBXFrameworksBuildPhase section */
		AA73C3B221717B0900EBFB28 /* Frameworks */ = {
			isa = PBXFrameworksBuildPhase;
			buildActionMask = 2147483647;
			files = (
			);
			runOnlyForDeploymentPostprocessing = 0;
		};
		AA73C3C621717B0A00EBFB28 /* Frameworks */ = {
			isa = PBXFrameworksBuildPhase;
			buildActionMask = 2147483647;
			files = (
			);
			runOnlyForDeploymentPostprocessing = 0;
		};
		AA73C3D121717B0A00EBFB28 /* Frameworks */ = {
			isa = PBXFrameworksBuildPhase;
			buildActionMask = 2147483647;
			files = (
			);
			runOnlyForDeploymentPostprocessing = 0;
		};
/* End PBXFrameworksBuildPhase section */

/* Begin PBXGroup section */
		AA73C3AC21717B0900EBFB28 = {
			isa = PBXGroup;
			children = (
				AA73C3B721717B0900EBFB28 /* test5 */,
				AA73C3CC21717B0A00EBFB28 /* test5Tests */,
				AA73C3D721717B0A00EBFB28 /* test5UITests */,
				AA73C3B621717B0900EBFB28 /* Products */,
			);
			sourceTree = "<group>";
		};
		AA73C3B621717B0900EBFB28 /* Products */ = {
			isa = PBXGroup;
			children = (
				AA73C3B521717B0900EBFB28 /* test5.app */,
				AA73C3C921717B0A00EBFB28 /* test5Tests.xctest */,
				AA73C3D421717B0A00EBFB28 /* test5UITests.xctest */,
			);
			name = Products;
			sourceTree = "<group>";
		};
		AA73C3B721717B0900EBFB28 /* test5 */ = {
			isa = PBXGroup;
			children = (
				AA73C3B821717B0900EBFB28 /* AppDelegate.swift */,
				AA73C3BA21717B0900EBFB28 /* ViewController.swift */,
				AA73C3BC21717B0900EBFB28 /* Main.storyboard */,
				AA73C3BF21717B0A00EBFB28 /* Assets.xcassets */,
				AA73C3C121717B0A00EBFB28 /* LaunchScreen.storyboard */,
				AA73C3C421717B0A00EBFB28 /* Info.plist */,
			);
			path = test5;
			sourceTree = "<group>";
		};
		AA73C3CC21717B0A00EBFB28 /* test5Tests */ = {
			isa = PBXGroup;
			children = (
				AA73C3CD21717B0A00EBFB28 /* test5Tests.swift */,
				AA73C3CF21717B0A00EBFB28 /* Info.plist */,
			);
			path = test5Tests;
			sourceTree = "<group>";
		};
		AA73C3D721717B0A00EBFB28 /* test5UITests */ = {
			isa = PBXGroup;
			children = (
				AA73C3D821717B0A00EBFB28 /* test5UITests.swift */,
				AA73C3DA21717B0A00EBFB28 /* Info.plist */,
			);
			path = test5UITests;
			sourceTree = "<group>";
		};
/* End PBXGroup section */

/* Begin PBXNativeTarget section */
		AA73C3B421717B0900EBFB28 /* test5 */ = {
			isa = PBXNativeTarget;
			buildConfigurationList = AA73C3DD21717B0B00EBFB28 /* Build configuration list for PBXNativeTarget "test5" */;
			buildPhases = (
				AA73C3B121717B0900EBFB28 /* Sources */,
				AA73C3B221717B0900EBFB28 /* Frameworks */,
				AA73C3B321717B0900EBFB28 /* Resources */,
			);
			buildRules = (
			);
			dependencies = (
			);
			name = test5;
			productName = test5;
			productReference = AA73C3B521717B0900EBFB28 /* test5.app */;
			productType = "com.apple.product-type.application";
		};
		AA73C3C821717B0A00EBFB28 /* test5Tests */ = {
			isa = PBXNativeTarget;
			buildConfigurationList = AA73C3E021717B0B00EBFB28 /* Build configuration list for PBXNativeTarget "test5Tests" */;
			buildPhases = (
				AA73C3C521717B0A00EBFB28 /* Sources */,
				AA73C3C621717B0A00EBFB28 /* Frameworks */,
				AA73C3C721717B0A00EBFB28 /* Resources */,
			);
			buildRules = (
			);
			dependencies = (
				AA73C3CB21717B0A00EBFB28 /* PBXTargetDependency */,
			);
			name = test5Tests;
			productName = test5Tests;
			productReference = AA73C3C921717B0A00EBFB28 /* test5Tests.xctest */;
			productType = "com.apple.product-type.bundle.unit-test";
		};
		AA73C3D321717B0A00EBFB28 /* test5UITests */ = {
			isa = PBXNativeTarget;
			buildConfigurationList = AA73C3E321717B0B00EBFB28 /* Build configuration list for PBXNativeTarget "test5UITests" */;
			buildPhases = (
				AA73C3D021717B0A00EBFB28 /* Sources */,
				AA73C3D121717B0A00EBFB28 /* Frameworks */,
				AA73C3D221717B0A00EBFB28 /* Resources */,
			);
			buildRules = (
			);
			dependencies = (
				AA73C3D621717B0A00EBFB28 /* PBXTargetDependency */,
			);
			name = test5UITests;
			productName = test5UITests;
			productReference = AA73C3D421717B0A00EBFB28 /* test5UITests.xctest */;
			productType = "com.apple.product-type.bundle.ui-testing";
		};
/* End PBXNativeTarget section */

/* Begin PBXProject section */
		AA73C3AD21717B0900EBFB28 /* Project object */ = {
			isa = PBXProject;
			attributes = {
				LastSwiftUpdateCheck = 1000;
				LastUpgradeCheck = 1000;
				ORGANIZATIONNAME = s20171105408;
				TargetAttributes = {
					AA73C3B421717B0900EBFB28 = {
						CreatedOnToolsVersion = 10.0;
					};
					AA73C3C821717B0A00EBFB28 = {
						CreatedOnToolsVersion = 10.0;
						TestTargetID = AA73C3B421717B0900EBFB28;
					};
					AA73C3D321717B0A00EBFB28 = {
						CreatedOnToolsVersion = 10.0;
						TestTargetID = AA73C3B421717B0900EBFB28;
					};
				};
			};
			buildConfigurationList = AA73C3B021717B0900EBFB28 /* Build configuration list for PBXProject "test5" */;
			compatibilityVersion = "Xcode 9.3";
			developmentRegion = en;
			hasScannedForEncodings = 0;
			knownRegions = (
				en,
				Base,
			);
			mainGroup = AA73C3AC21717B0900EBFB28;
			productRefGroup = AA73C3B621717B0900EBFB28 /* Products */;
			projectDirPath = "";
			projectRoot = "";
			targets = (
				AA73C3B421717B0900EBFB28 /* test5 */,
				AA73C3C821717B0A00EBFB28 /* test5Tests */,
				AA73C3D321717B0A00EBFB28 /* test5UITests */,
			);
		};
/* End PBXProject section */

/* Begin PBXResourcesBuildPhase section */
		AA73C3B321717B0900EBFB28 /* Resources */ = {
			isa = PBXResourcesBuildPhase;
			buildActionMask = 2147483647;
			files = (
				AA73C3C321717B0A00EBFB28 /* LaunchScreen.storyboard in Resources */,
				AA73C3C021717B0A00EBFB28 /* Assets.xcassets in Resources */,
				AA73C3BE21717B0900EBFB28 /* Main.storyboard in Resources */,
			);
			runOnlyForDeploymentPostprocessing = 0;
		};
		AA73C3C721717B0A00EBFB28 /* Resources */ = {
			isa = PBXResourcesBuildPhase;
			buildActionMask = 2147483647;
			files = (
			);
			runOnlyForDeploymentPostprocessing = 0;
		};
		AA73C3D221717B0A00EBFB28 /* Resources */ = {
			isa = PBXResourcesBuildPhase;
			buildActionMask = 2147483647;
			files = (
			);
			runOnlyForDeploymentPostprocessing = 0;
		};
/* End PBXResourcesBuildPhase section */

/* Begin PBXSourcesBuildPhase section */
		AA73C3B121717B0900EBFB28 /* Sources */ = {
			isa = PBXSourcesBuildPhase;
			buildActionMask = 2147483647;
			files = (
				AA73C3BB21717B0900EBFB28 /* ViewController.swift in Sources */,
				AA73C3B921717B0900EBFB28 /* AppDelegate.swift in Sources */,
			);
			runOnlyForDeploymentPostprocessing = 0;
		};
		AA73C3C521717B0A00EBFB28 /* Sources */ = {
			isa = PBXSourcesBuildPhase;
			buildActionMask = 2147483647;
			files = (
				AA73C3CE21717B0A00EBFB28 /* test5Tests.swift in Sources */,
			);
			runOnlyForDeploymentPostprocessing = 0;
		};
		AA73C3D021717B0A00EBFB28 /* Sources */ = {
			isa = PBXSourcesBuildPhase;
			buildActionMask = 2147483647;
			files = (
				AA73C3D921717B0A00EBFB28 /* test5UITests.swift in Sources */,
			);
			runOnlyForDeploymentPostprocessing = 0;
		};
/* End PBXSourcesBuildPhase section */

/* Begin PBXTargetDependency section */
		AA73C3CB21717B0A00EBFB28 /* PBXTargetDependency */ = {
			isa = PBXTargetDependency;
			target = AA73C3B421717B0900EBFB28 /* test5 */;
			targetProxy = AA73C3CA21717B0A00EBFB28 /* PBXContainerItemProxy */;
		};
		AA73C3D621717B0A00EBFB28 /* PBXTargetDependency */ = {
			isa = PBXTargetDependency;
			target = AA73C3B421717B0900EBFB28 /* test5 */;
			targetProxy = AA73C3D521717B0A00EBFB28 /* PBXContainerItemProxy */;
		};
/* End PBXTargetDependency section */

/* Begin PBXVariantGroup section */
		AA73C3BC21717B0900EBFB28 /* Main.storyboard */ = {
			isa = PBXVariantGroup;
			children = (
				AA73C3BD21717B0900EBFB28 /* Base */,
			);
			name = Main.storyboard;
			sourceTree = "<group>";
		};
		AA73C3C121717B0A00EBFB28 /* LaunchScreen.storyboard */ = {
			isa = PBXVariantGroup;
			children = (
				AA73C3C221717B0A00EBFB28 /* Base */,
			);
			name = LaunchScreen.storyboard;
			sourceTree = "<group>";
		};
/* End PBXVariantGroup section */

/* Begin XCBuildConfiguration section */
		AA73C3DB21717B0B00EBFB28 /* Debug */ = {
			isa = XCBuildConfiguration;
			buildSettings = {
				ALWAYS_SEARCH_USER_PATHS = NO;
				CLANG_ANALYZER_NONNULL = YES;
				CLANG_ANALYZER_NUMBER_OBJECT_CONVERSION = YES_AGGRESSIVE;
				CLANG_CXX_LANGUAGE_STANDARD = "gnu++14";
				CLANG_CXX_LIBRARY = "libc++";
				CLANG_ENABLE_MODULES = YES;
				CLANG_ENABLE_OBJC_ARC = YES;
				CLANG_ENABLE_OBJC_WEAK = YES;
				CLANG_WARN_BLOCK_CAPTURE_AUTORELEASING = YES;
				CLANG_WARN_BOOL_CONVERSION = YES;
				CLANG_WARN_COMMA = YES;
				CLANG_WARN_CONSTANT_CONVERSION = YES;
				CLANG_WARN_DEPRECATED_OBJC_IMPLEMENTATIONS = YES;
				CLANG_WARN_DIRECT_OBJC_ISA_USAGE = YES_ERROR;
				CLANG_WARN_DOCUMENTATION_COMMENTS = YES;
				CLANG_WARN_EMPTY_BODY = YES;
				CLANG_WARN_ENUM_CONVERSION = YES;
				CLANG_WARN_INFINITE_RECURSION = YES;
				CLANG_WARN_INT_CONVERSION = YES;
				CLANG_WARN_NON_LITERAL_NULL_CONVERSION = YES;
				CLANG_WARN_OBJC_IMPLICIT_RETAIN_SELF = YES;
				CLANG_WARN_OBJC_LITERAL_CONVERSION = YES;
				CLANG_WARN_OBJC_ROOT_CLASS = YES_ERROR;
				CLANG_WARN_RANGE_LOOP_ANALYSIS = YES;
				CLANG_WARN_STRICT_PROTOTYPES = YES;
				CLANG_WARN_SUSPICIOUS_MOVE = YES;
				CLANG_WARN_UNGUARDED_AVAILABILITY = YES_AGGRESSIVE;
				CLANG_WARN_UNREACHABLE_CODE = YES;
				CLANG_WARN__DUPLICATE_METHOD_MATCH = YES;
				CODE_SIGN_IDENTITY = "iPhone Developer";
				COPY_PHASE_STRIP = NO;
				DEBUG_INFORMATION_FORMAT = dwarf;
				ENABLE_STRICT_OBJC_MSGSEND = YES;
				ENABLE_TESTABILITY = YES;
				GCC_C_LANGUAGE_STANDARD = gnu11;
				GCC_DYNAMIC_NO_PIC = NO;
				GCC_NO_COMMON_BLOCKS = YES;
				GCC_OPTIMIZATION_LEVEL = 0;
				GCC_PREPROCESSOR_DEFINITIONS = (
					"DEBUG=1",
					"$(inherited)",
				);
				GCC_WARN_64_TO_32_BIT_CONVERSION = YES;
				GCC_WARN_ABOUT_RETURN_TYPE = YES_ERROR;
				GCC_WARN_UNDECLARED_SELECTOR = YES;
				GCC_WARN_UNINITIALIZED_AUTOS = YES_AGGRESSIVE;
				GCC_WARN_UNUSED_FUNCTION = YES;
				GCC_WARN_UNUSED_VARIABLE = YES;
				IPHONEOS_DEPLOYMENT_TARGET = 12.0;
				MTL_ENABLE_DEBUG_INFO = INCLUDE_SOURCE;
				MTL_FAST_MATH = YES;
				ONLY_ACTIVE_ARCH = YES;
				SDKROOT = iphoneos;
				SWIFT_ACTIVE_COMPILATION_CONDITIONS = DEBUG;
				SWIFT_OPTIMIZATION_LEVEL = "-Onone";
			};
			name = Debug;
		};
		AA73C3DC21717B0B00EBFB28 /* Release */ = {
			isa = XCBuildConfiguration;
			buildSettings = {
				ALWAYS_SEARCH_USER_PATHS = NO;
				CLANG_ANALYZER_NONNULL = YES;
				CLANG_ANALYZER_NUMBER_OBJECT_CONVERSION = YES_AGGRESSIVE;
				CLANG_CXX_LANGUAGE_STANDARD = "gnu++14";
				CLANG_CXX_LIBRARY = "libc++";
				CLANG_ENABLE_MODULES = YES;
				CLANG_ENABLE_OBJC_ARC = YES;
				CLANG_ENABLE_OBJC_WEAK = YES;
				CLANG_WARN_BLOCK_CAPTURE_AUTORELEASING = YES;
				CLANG_WARN_BOOL_CONVERSION = YES;
				CLANG_WARN_COMMA = YES;
				CLANG_WARN_CONSTANT_CONVERSION = YES;
				CLANG_WARN_DEPRECATED_OBJC_IMPLEMENTATIONS = YES;
				CLANG_WARN_DIRECT_OBJC_ISA_USAGE = YES_ERROR;
				CLANG_WARN_DOCUMENTATION_COMMENTS = YES;
				CLANG_WARN_EMPTY_BODY = YES;
				CLANG_WARN_ENUM_CONVERSION = YES;
				CLANG_WARN_INFINITE_RECURSION = YES;
				CLANG_WARN_INT_CONVERSION = YES;
				CLANG_WARN_NON_LITERAL_NULL_CONVERSION = YES;
				CLANG_WARN_OBJC_IMPLICIT_RETAIN_SELF = YES;
				CLANG_WARN_OBJC_LITERAL_CONVERSION = YES;
				CLANG_WARN_OBJC_ROOT_CLASS = YES_ERROR;
				CLANG_WARN_RANGE_LOOP_ANALYSIS = YES;
				CLANG_WARN_STRICT_PROTOTYPES = YES;
				CLANG_WARN_SUSPICIOUS_MOVE = YES;
				CLANG_WARN_UNGUARDED_AVAILABILITY = YES_AGGRESSIVE;
				CLANG_WARN_UNREACHABLE_CODE = YES;
				CLANG_WARN__DUPLICATE_METHOD_MATCH = YES;
				CODE_SIGN_IDENTITY = "iPhone Developer";
				COPY_PHASE_STRIP = NO;
				DEBUG_INFORMATION_FORMAT = "dwarf-with-dsym";
				ENABLE_NS_ASSERTIONS = NO;
				ENABLE_STRICT_OBJC_MSGSEND = YES;
				GCC_C_LANGUAGE_STANDARD = gnu11;
				GCC_NO_COMMON_BLOCKS = YES;
				GCC_WARN_64_TO_32_BIT_CONVERSION = YES;
				GCC_WARN_ABOUT_RETURN_TYPE = YES_ERROR;
				GCC_WARN_UNDECLARED_SELECTOR = YES;
				GCC_WARN_UNINITIALIZED_AUTOS = YES_AGGRESSIVE;
				GCC_WARN_UNUSED_FUNCTION = YES;
				GCC_WARN_UNUSED_VARIABLE = YES;
				IPHONEOS_DEPLOYMENT_TARGET = 12.0;
				MTL_ENABLE_DEBUG_INFO = NO;
				MTL_FAST_MATH = YES;
				SDKROOT = iphoneos;
				SWIFT_COMPILATION_MODE = wholemodule;
				SWIFT_OPTIMIZATION_LEVEL = "-O";
				VALIDATE_PRODUCT = YES;
			};
			name = Release;
		};
		AA73C3DE21717B0B00EBFB28 /* Debug */ = {
			isa = XCBuildConfiguration;
			buildSettings = {
				ASSETCATALOG_COMPILER_APPICON_NAME = AppIcon;
				CODE_SIGN_STYLE = Automatic;
				INFOPLIST_FILE = test5/Info.plist;
				LD_RUNPATH_SEARCH_PATHS = (
					"$(inherited)",
					"@executable_path/Frameworks",
				);
				PRODUCT_BUNDLE_IDENTIFIER = com.rub.hello.test5;
				PRODUCT_NAME = "$(TARGET_NAME)";
				SWIFT_VERSION = 4.2;
				TARGETED_DEVICE_FAMILY = "1,2";
			};
			name = Debug;
		};
		AA73C3DF21717B0B00EBFB28 /* Release */ = {
			isa = XCBuildConfiguration;
			buildSettings = {
				ASSETCATALOG_COMPILER_APPICON_NAME = AppIcon;
				CODE_SIGN_STYLE = Automatic;
				INFOPLIST_FILE = test5/Info.plist;
				LD_RUNPATH_SEARCH_PATHS = (
					"$(inherited)",
					"@executable_path/Frameworks",
				);
				PRODUCT_BUNDLE_IDENTIFIER = com.rub.hello.test5;
				PRODUCT_NAME = "$(TARGET_NAME)";
				SWIFT_VERSION = 4.2;
				TARGETED_DEVICE_FAMILY = "1,2";
			};
			name = Release;
		};
		AA73C3E121717B0B00EBFB28 /* Debug */ = {
			isa = XCBuildConfiguration;
			buildSettings = {
				ALWAYS_EMBED_SWIFT_STANDARD_LIBRARIES = YES;
				BUNDLE_LOADER = "$(TEST_HOST)";
				CODE_SIGN_STYLE = Automatic;
				INFOPLIST_FILE = test5Tests/Info.plist;
				LD_RUNPATH_SEARCH_PATHS = (
					"$(inherited)",
					"@executable_path/Frameworks",
					"@loader_path/Frameworks",
				);
				PRODUCT_BUNDLE_IDENTIFIER = com.rub.hello.test5Tests;
				PRODUCT_NAME = "$(TARGET_NAME)";
				SWIFT_VERSION = 4.2;
				TARGETED_DEVICE_FAMILY = "1,2";
				TEST_HOST = "$(BUILT_PRODUCTS_DIR)/test5.app/test5";
			};
			name = Debug;
		};
		AA73C3E221717B0B00EBFB28 /* Release */ = {
			isa = XCBuildConfiguration;
			buildSettings = {
				ALWAYS_EMBED_SWIFT_STANDARD_LIBRARIES = YES;
				BUNDLE_LOADER = "$(TEST_HOST)";
				CODE_SIGN_STYLE = Automatic;
				INFOPLIST_FILE = test5Tests/Info.plist;
				LD_RUNPATH_SEARCH_PATHS = (
					"$(inherited)",
					"@executable_path/Frameworks",
					"@loader_path/Frameworks",
				);
				PRODUCT_BUNDLE_IDENTIFIER = com.rub.hello.test5Tests;
				PRODUCT_NAME = "$(TARGET_NAME)";
				SWIFT_VERSION = 4.2;
				TARGETED_DEVICE_FAMILY = "1,2";
				TEST_HOST = "$(BUILT_PRODUCTS_DIR)/test5.app/test5";
			};
			name = Release;
		};
		AA73C3E421717B0B00EBFB28 /* Debug */ = {
			isa = XCBuildConfiguration;
			buildSettings = {
				ALWAYS_EMBED_SWIFT_STANDARD_LIBRARIES = YES;
				CODE_SIGN_STYLE = Automatic;
				INFOPLIST_FILE = test5UITests/Info.plist;
				LD_RUNPATH_SEARCH_PATHS = (
					"$(inherited)",
					"@executable_path/Frameworks",
					"@loader_path/Frameworks",
				);
				PRODUCT_BUNDLE_IDENTIFIER = com.rub.hello.test5UITests;
				PRODUCT_NAME = "$(TARGET_NAME)";
				SWIFT_VERSION = 4.2;
				TARGETED_DEVICE_FAMILY = "1,2";
				TEST_TARGET_NAME = test5;
			};
			name = Debug;
		};
		AA73C3E521717B0B00EBFB28 /* Release */ = {
			isa = XCBuildConfiguration;
			buildSettings = {
				ALWAYS_EMBED_SWIFT_STANDARD_LIBRARIES = YES;
				CODE_SIGN_STYLE = Automatic;
				INFOPLIST_FILE = test5UITests/Info.plist;
				LD_RUNPATH_SEARCH_PATHS = (
					"$(inherited)",
					"@executable_path/Frameworks",
					"@loader_path/Frameworks",
				);
				PRODUCT_BUNDLE_IDENTIFIER = com.rub.hello.test5UITests;
				PRODUCT_NAME = "$(TARGET_NAME)";
				SWIFT_VERSION = 4.2;
				TARGETED_DEVICE_FAMILY = "1,2";
				TEST_TARGET_NAME = test5;
			};
			name = Release;
		};
/* End XCBuildConfiguration section */

/* Begin XCConfigurationList section */
		AA73C3B021717B0900EBFB28 /* Build configuration list for PBXProject "test5" */ = {
			isa = XCConfigurationList;
			buildConfigurations = (
				AA73C3DB21717B0B00EBFB28 /* Debug */,
				AA73C3DC21717B0B00EBFB28 /* Release */,
			);
			defaultConfigurationIsVisible = 0;
			defaultConfigurationName = Release;
		};
		AA73C3DD21717B0B00EBFB28 /* Build configuration list for PBXNativeTarget "test5" */ = {
			isa = XCConfigurationList;
			buildConfigurations = (
				AA73C3DE21717B0B00EBFB28 /* Debug */,
				AA73C3DF21717B0B00EBFB28 /* Release */,
			);
			defaultConfigurationIsVisible = 0;
			defaultConfigurationName = Release;
		};
		AA73C3E021717B0B00EBFB28 /* Build configuration list for PBXNativeTarget "test5Tests" */ = {
			isa = XCConfigurationList;
			buildConfigurations = (
				AA73C3E121717B0B00EBFB28 /* Debug */,
				AA73C3E221717B0B00EBFB28 /* Release */,
			);
			defaultConfigurationIsVisible = 0;
			defaultConfigurationName = Release;
		};
		AA73C3E321717B0B00EBFB28 /* Build configuration list for PBXNativeTarget "test5UITests" */ = {
			isa = XCConfigurationList;
			buildConfigurations = (
				AA73C3E421717B0B00EBFB28 /* Debug */,
				AA73C3E521717B0B00EBFB28 /* Release */,
			);
			defaultConfigurationIsVisible = 0;
			defaultConfigurationName = Release;
		};
/* End XCConfigurationList section */
	};
	rootObject = AA73C3AD21717B0900EBFB28 /* Project object */;
}
